uuid: 7543b2ad-e553-4d29-9c6f-e990f8e9f77e
langcode: en
status: false
dependencies:
  module:
    - social_shares
  theme:
    - newsplus_lite
id: prevnextblock
theme: newsplus_lite
region: content
weight: 0
provider: null
plugin: prev_next_block
settings:
  id: prev_next_block
  label: 'Prev next block'
  provider: social_shares
  label_display: '0'
visibility: {  }
