uuid: dcfb47c9-d46f-4aad-8988-0f91c6ef706d
langcode: en
status: true
dependencies:
  module:
    - system
    - twitter_block
  theme:
    - yorkshire
id: yorkshire_twitterblock
theme: yorkshire
region: brand
weight: -10
provider: null
plugin: twitter_block
settings:
  id: twitter_block
  label: 'Twitter Page'
  provider: twitter_block
  label_display: '0'
  username: PredictorCric
  theme: ''
  link_color: ea2d49
  width: '350'
  height: '320'
  chrome:
    nofooter: nofooter
    noborders: noborders
    transparent: transparent
    noheader: '0'
    noscrollbar: '0'
  border_color: ea2d49
  language: ''
  tweet_limit: ''
  related: ''
  polite: assertive
visibility:
  request_path:
    id: request_path
    pages: '<front>'
    negate: false
    context_mapping: {  }
