uuid: 92c47132-35f6-41d1-8d89-2aa129b77d39
langcode: en
status: false
dependencies:
  module:
    - social_shares
  theme:
    - bartik
id: bartik_prevnextblock
theme: bartik
region: content
weight: 0
provider: null
plugin: prev_next_block
settings:
  id: prev_next_block
  label: 'Prev next block'
  provider: social_shares
  label_display: '0'
visibility: {  }
