uuid: a6ed479c-954b-488d-bd39-45e204e6da5c
langcode: en
status: true
dependencies:
  module:
    - system
    - twitter_block
  theme:
    - newsplus_lite
id: twitterblock
theme: newsplus_lite
region: homepage_footer_twitter
weight: -15
provider: null
plugin: twitter_block
settings:
  id: twitter_block
  label: 'Twitter Page'
  provider: twitter_block
  label_display: '0'
  username: PredictorCric
  theme: ''
  link_color: ea2d49
  width: '350'
  height: '320'
  chrome:
    nofooter: nofooter
    noborders: noborders
    transparent: transparent
    noheader: '0'
    noscrollbar: '0'
  border_color: ea2d49
  language: ''
  tweet_limit: ''
  related: ''
  polite: assertive
visibility:
  request_path:
    id: request_path
    pages: '<front>'
    negate: false
    context_mapping: {  }
