uuid: 55c78f00-7890-4331-b6df-3f3f48f2f040
langcode: en
status: true
dependencies:
  module:
    - system
    - twitter_block
  theme:
    - amptheme
third_party_settings:
  block_class:
    classes: null
id: amptheme_twitterblock
theme: amptheme
region: sidebar_first
weight: -15
provider: null
plugin: twitter_block
settings:
  id: twitter_block
  label: 'Twitter Page'
  label_display: '0'
  provider: twitter_block
  username: PredictorCric
  theme: ''
  link_color: ea2d49
  width: '350'
  height: '320'
  chrome:
    noheader: '0'
    nofooter: nofooter
    noborders: noborders
    noscrollbar: '0'
    transparent: transparent
  border_color: ea2d49
  language: ''
  tweet_limit: ''
  related: ''
  polite: assertive
visibility:
  request_path:
    id: request_path
    negate: false
    context_mapping: {  }
    pages: '<front>'
