uuid: aa4a0860-3915-4575-9fe5-a09d3d7f4716
langcode: en
status: true
dependencies:
  module:
    - social_shares
  theme:
    - amptheme
third_party_settings:
  block_class:
    classes: null
id: amptheme_poweredblock
theme: amptheme
region: sidebar_first
weight: -12
provider: null
plugin: powered_block
settings:
  id: powered_block
  label: PoweredBlock
  label_display: '0'
  provider: social_shares
visibility: {  }
