uuid: 6bd69648-a4a8-4472-8355-35c46723fc1a
langcode: en
status: true
dependencies:
  module:
    - block_class
    - social_shares
  theme:
    - newsplus_lite_amp
third_party_settings:
  block_class:
    classes: null
id: newsplus_lite_amp_poweredblock
theme: newsplus_lite_amp
region: sub_footer_left
weight: -25
provider: null
plugin: powered_block
settings:
  id: powered_block
  label: PoweredBlock
  label_display: '0'
  provider: social_shares
visibility: {  }
