uuid: 96dbd6b9-968b-4f54-8869-7fea330ea4ac
langcode: en
status: true
dependencies:
  module:
    - social_shares
  theme:
    - bartik
id: bartik_poweredblock
theme: bartik
region: header
weight: -12
provider: null
plugin: powered_block
settings:
  id: powered_block
  label: PoweredBlock
  label_display: '0'
  provider: social_shares
visibility: {  }
