uuid: 20daa9ce-d180-4f11-ba0f-a8520b8688b5
langcode: en
status: false
dependencies:
  module:
    - block_class
    - social_shares
  theme:
    - newsplus_lite_amp
third_party_settings:
  block_class:
    classes: null
id: newsplus_lite_amp_prevnextblock
theme: newsplus_lite_amp
region: content
weight: 0
provider: null
plugin: prev_next_block
settings:
  id: prev_next_block
  label: 'Prev next block'
  label_display: '0'
  provider: social_shares
visibility: {  }
